
Microsoft Visual Studio Solution File, Format Version 12.00
# Visual Studio Version 16
VisualStudioVersion = 16.0.29509.3
MinimumVisualStudioVersion = 10.0.40219.1
Project("{FAE04EC0-301F-11D3-BF4B-00C04F79EFBC}") = "Bargetzi.MiniBicks.UI", "Bargetzi.MiniBicks.UI\Bargetzi.MiniBicks.UI.csproj", "{D4204C6A-B8FA-4C68-8EAA-A8BA623A1481}"
EndProject
Project("{FAE04EC0-301F-11D3-BF4B-00C04F79EFBC}") = "Bargetzi.MiniBicks.Lib", "Bargetzi.MiniBicks.Lib\Bargetzi.MiniBicks.Lib.csproj", "{424172A5-66F6-42EE-AEDC-A1A2A43B7131}"
EndProject
Global
	GlobalSection(SolutionConfigurationPlatforms) = preSolution
		Debug|Any CPU = Debug|Any CPU
		Release|Any CPU = Release|Any CPU
	EndGlobalSection
	GlobalSection(ProjectConfigurationPlatforms) = postSolution
		{D4204C6A-B8FA-4C68-8EAA-A8BA623A1481}.Debug|Any CPU.ActiveCfg = Debug|Any CPU
		{D4204C6A-B8FA-4C68-8EAA-A8BA623A1481}.Debug|Any CPU.Build.0 = Debug|Any CPU
		{D4204C6A-B8FA-4C68-8EAA-A8BA623A1481}.Release|Any CPU.ActiveCfg = Release|Any CPU
		{D4204C6A-B8FA-4C68-8EAA-A8BA623A1481}.Release|Any CPU.Build.0 = Release|Any CPU
		{424172A5-66F6-42EE-AEDC-A1A2A43B7131}.Debug|Any CPU.ActiveCfg = Debug|Any CPU
		{424172A5-66F6-42EE-AEDC-A1A2A43B7131}.Debug|Any CPU.Build.0 = Debug|Any CPU
		{424172A5-66F6-42EE-AEDC-A1A2A43B7131}.Release|Any CPU.ActiveCfg = Release|Any CPU
		{424172A5-66F6-42EE-AEDC-A1A2A43B7131}.Release|Any CPU.Build.0 = Release|Any CPU
	EndGlobalSection
	GlobalSection(SolutionProperties) = preSolution
		HideSolutionNode = FALSE
	EndGlobalSection
	GlobalSection(ExtensibilityGlobals) = postSolution
		SolutionGuid = {724CD74A-EAEC-41D1-B216-E2A6DD618C4C}
	EndGlobalSection
EndGlobal
